// !$*UTF8*$!
{
	archiveVersion = 1;
	classes = {
	};
	objectVersion = 46;
	objects = {

/* Begin PBXBuildFile section */
		FC269965198B11E700F4D7A7 /* MPSkewedCell.m in Sources */ = {isa = PBXBuildFile; fileRef = FC26995E198B11E700F4D7A7 /* MPSkewedCell.m */; };
		FC269966198B11E700F4D7A7 /* MPSkewedParallaxLayout.m in Sources */ = {isa = PBXBuildFile; fileRef = FC269960198B11E700F4D7A7 /* MPSkewedParallaxLayout.m */; };
		FC269967198B11E700F4D7A7 /* MPSkewedTransitionLayout.m in Sources */ = {isa = PBXBuildFile; fileRef = FC269962198B11E700F4D7A7 /* MPSkewedTransitionLayout.m */; };
		FC269968198B11E700F4D7A7 /* UIView+Frame.m in Sources */ = {isa = PBXBuildFile; fileRef = FC269964198B11E700F4D7A7 /* UIView+Frame.m */; };
		FC269975198B126400F4D7A7 /* MPViewController.m in Sources */ = {isa = PBXBuildFile; fileRef = FC269973198B126400F4D7A7 /* MPViewController.m */; };
		FC269980198B12A100F4D7A7 /* 11@2x.png in Resources */ = {isa = PBXBuildFile; fileRef = FC269977198B12A100F4D7A7 /* 11@2x.png */; };
		FC269981198B12A100F4D7A7 /* a2@2x.png in Resources */ = {isa = PBXBuildFile; fileRef = FC269978198B12A100F4D7A7 /* a2@2x.png */; };
		FC269982198B12A100F4D7A7 /* a3@2x.png in Resources */ = {isa = PBXBuildFile; fileRef = FC269979198B12A100F4D7A7 /* a3@2x.png */; };
		FC269983198B12A100F4D7A7 /* 4@2x.png in Resources */ = {isa = PBXBuildFile; fileRef = FC26997A198B12A100F4D7A7 /* 4@2x.png */; };
		FC269984198B12A100F4D7A7 /* 5@2x.png in Resources */ = {isa = PBXBuildFile; fileRef = FC26997B198B12A100F4D7A7 /* 5@2x.png */; };
		FC26998B198B15D000F4D7A7 /* ofertaappSeccion1ViewController.m in Sources */ = {isa = PBXBuildFile; fileRef = FC26998A198B15D000F4D7A7 /* ofertaappSeccion1ViewController.m */; };
		FC7EDBD2198C5ABC006DE2C4 /* personajes.png in Resources */ = {isa = PBXBuildFile; fileRef = FC7EDBD1198C5ABC006DE2C4 /* personajes.png */; };
		FC7EDBD4198C6762006DE2C4 /* logoanspe.png in Resources */ = {isa = PBXBuildFile; fileRef = FC7EDBD3198C6762006DE2C4 /* logoanspe.png */; };
		FC7EDBD6198C6F2E006DE2C4 /* a1@2x.png in Resources */ = {isa = PBXBuildFile; fileRef = FC7EDBD5198C6F2E006DE2C4 /* a1@2x.png */; };
		FC7EDBD8198C70DC006DE2C4 /* EVALUAR.png in Resources */ = {isa = PBXBuildFile; fileRef = FC7EDBD7198C70DC006DE2C4 /* EVALUAR.png */; };
		FC7EDBDF198C7B1F006DE2C4 /* 1@2x.png in Resources */ = {isa = PBXBuildFile; fileRef = FC7EDBDC198C7B1F006DE2C4 /* 1@2x.png */; };
		FC7EDBE0198C7B1F006DE2C4 /* 2@2x.png in Resources */ = {isa = PBXBuildFile; fileRef = FC7EDBDD198C7B1F006DE2C4 /* 2@2x.png */; };
		FC7EDBE1198C7B1F006DE2C4 /* 3@2x.png in Resources */ = {isa = PBXBuildFile; fileRef = FC7EDBDE198C7B1F006DE2C4 /* 3@2x.png */; };
		FC7EDBE3198C7BDE006DE2C4 /* Ingresar.png in Resources */ = {isa = PBXBuildFile; fileRef = FC7EDBE2198C7BDE006DE2C4 /* Ingresar.png */; };
		FC7EDC2A198C828D006DE2C4 /* ofertaappSeccion2ViewController.m in Sources */ = {isa = PBXBuildFile; fileRef = FC7EDC29198C828D006DE2C4 /* ofertaappSeccion2ViewController.m */; };
		FC7EDC2D198C84B7006DE2C4 /* ofertaappSeccion2aViewController.m in Sources */ = {isa = PBXBuildFile; fileRef = FC7EDC2C198C84B7006DE2C4 /* ofertaappSeccion2aViewController.m */; };
		FC89FF80198AFFE300B8E0A4 /* Foundation.framework in Frameworks */ = {isa = PBXBuildFile; fileRef = FC89FF7F198AFFE300B8E0A4 /* Foundation.framework */; };
		FC89FF82198AFFE300B8E0A4 /* CoreGraphics.framework in Frameworks */ = {isa = PBXBuildFile; fileRef = FC89FF81198AFFE300B8E0A4 /* CoreGraphics.framework */; };
		FC89FF84198AFFE300B8E0A4 /* UIKit.framework in Frameworks */ = {isa = PBXBuildFile; fileRef = FC89FF83198AFFE300B8E0A4 /* UIKit.framework */; };
		FC89FF8A198AFFE300B8E0A4 /* InfoPlist.strings in Resources */ = {isa = PBXBuildFile; fileRef = FC89FF88198AFFE300B8E0A4 /* InfoPlist.strings */; };
		FC89FF8C198AFFE300B8E0A4 /* main.m in Sources */ = {isa = PBXBuildFile; fileRef = FC89FF8B198AFFE300B8E0A4 /* main.m */; };
		FC89FF90198AFFE300B8E0A4 /* ofertaappAppDelegate.m in Sources */ = {isa = PBXBuildFile; fileRef = FC89FF8F198AFFE300B8E0A4 /* ofertaappAppDelegate.m */; };
		FC89FF93198AFFE300B8E0A4 /* Main.storyboard in Resources */ = {isa = PBXBuildFile; fileRef = FC89FF91198AFFE300B8E0A4 /* Main.storyboard */; };
		FC89FF96198AFFE300B8E0A4 /* ofertaappViewController.m in Sources */ = {isa = PBXBuildFile; fileRef = FC89FF95198AFFE300B8E0A4 /* ofertaappViewController.m */; };
		FC89FF98198AFFE300B8E0A4 /* Images.xcassets in Resources */ = {isa = PBXBuildFile; fileRef = FC89FF97198AFFE300B8E0A4 /* Images.xcassets */; };
		FC89FF9F198AFFE400B8E0A4 /* XCTest.framework in Frameworks */ = {isa = PBXBuildFile; fileRef = FC89FF9E198AFFE400B8E0A4 /* XCTest.framework */; };
		FC89FFA0198AFFE400B8E0A4 /* Foundation.framework in Frameworks */ = {isa = PBXBuildFile; fileRef = FC89FF7F198AFFE300B8E0A4 /* Foundation.framework */; };
		FC89FFA1198AFFE400B8E0A4 /* UIKit.framework in Frameworks */ = {isa = PBXBuildFile; fileRef = FC89FF83198AFFE300B8E0A4 /* UIKit.framework */; };
		FC89FFA9198AFFE400B8E0A4 /* InfoPlist.strings in Resources */ = {isa = PBXBuildFile; fileRef = FC89FFA7198AFFE400B8E0A4 /* InfoPlist.strings */; };
		FC89FFAB198AFFE400B8E0A4 /* ofertaappTests.m in Sources */ = {isa = PBXBuildFile; fileRef = FC89FFAA198AFFE400B8E0A4 /* ofertaappTests.m */; };
		FC89FFB5198B03A300B8E0A4 /* AVFoundation.framework in Frameworks */ = {isa = PBXBuildFile; fileRef = FC89FFB4198B03A300B8E0A4 /* AVFoundation.framework */; };
		FC89FFB7198B04FD00B8E0A4 /* xx.mp4 in Resources */ = {isa = PBXBuildFile; fileRef = FC89FFB6198B04FD00B8E0A4 /* xx.mp4 */; };
		FC89FFB9198B0B2000B8E0A4 /* Cogestor.png in Resources */ = {isa = PBXBuildFile; fileRef = FC89FFB8198B0B2000B8E0A4 /* Cogestor.png */; };
/* End PBXBuildFile section */

/* Begin PBXContainerItemProxy section */
		FC89FFA2198AFFE400B8E0A4 /* PBXContainerItemProxy */ = {
			isa = PBXContainerItemProxy;
			containerPortal = FC89FF74198AFFE300B8E0A4 /* Project object */;
			proxyType = 1;
			remoteGlobalIDString = FC89FF7B198AFFE300B8E0A4;
			remoteInfo = ofertaapp;
		};
/* End PBXContainerItemProxy section */

/* Begin PBXFileReference section */
		FC26995D198B11E700F4D7A7 /* MPSkewedCell.h */ = {isa = PBXFileReference; fileEncoding = 4; lastKnownFileType = sourcecode.c.h; path = MPSkewedCell.h; sourceTree = "<group>"; };
		FC26995E198B11E700F4D7A7 /* MPSkewedCell.m */ = {isa = PBXFileReference; fileEncoding = 4; lastKnownFileType = sourcecode.c.objc; path = MPSkewedCell.m; sourceTree = "<group>"; };
		FC26995F198B11E700F4D7A7 /* MPSkewedParallaxLayout.h */ = {isa = PBXFileReference; fileEncoding = 4; lastKnownFileType = sourcecode.c.h; path = MPSkewedParallaxLayout.h; sourceTree = "<group>"; };
		FC269960198B11E700F4D7A7 /* MPSkewedParallaxLayout.m */ = {isa = PBXFileReference; fileEncoding = 4; lastKnownFileType = sourcecode.c.objc; path = MPSkewedParallaxLayout.m; sourceTree = "<group>"; };
		FC269961198B11E700F4D7A7 /* MPSkewedTransitionLayout.h */ = {isa = PBXFileReference; fileEncoding = 4; lastKnownFileType = sourcecode.c.h; path = MPSkewedTransitionLayout.h; sourceTree = "<group>"; };
		FC269962198B11E700F4D7A7 /* MPSkewedTransitionLayout.m */ = {isa = PBXFileReference; fileEncoding = 4; lastKnownFileType = sourcecode.c.objc; path = MPSkewedTransitionLayout.m; sourceTree = "<group>"; };
		FC269963198B11E700F4D7A7 /* UIView+Frame.h */ = {isa = PBXFileReference; fileEncoding = 4; lastKnownFileType = sourcecode.c.h; path = "UIView+Frame.h"; sourceTree = "<group>"; };
		FC269964198B11E700F4D7A7 /* UIView+Frame.m */ = {isa = PBXFileReference; fileEncoding = 4; lastKnownFileType = sourcecode.c.objc; path = "UIView+Frame.m"; sourceTree = "<group>"; };
		FC269972198B126400F4D7A7 /* MPViewController.h */ = {isa = PBXFileReference; fileEncoding = 4; lastKnownFileType = sourcecode.c.h; path = MPViewController.h; sourceTree = "<group>"; };
		FC269973198B126400F4D7A7 /* MPViewController.m */ = {isa = PBXFileReference; fileEncoding = 4; lastKnownFileType = sourcecode.c.objc; path = MPViewController.m; sourceTree = "<group>"; };
		FC269977198B12A100F4D7A7 /* 11@2x.png */ = {isa = PBXFileReference; lastKnownFileType = image.png; path = "11@2x.png"; sourceTree = "<group>"; };
		FC269978198B12A100F4D7A7 /* a2@2x.png */ = {isa = PBXFileReference; lastKnownFileType = image.png; path = "a2@2x.png"; sourceTree = "<group>"; };
		FC269979198B12A100F4D7A7 /* a3@2x.png */ = {isa = PBXFileReference; lastKnownFileType = image.png; path = "a3@2x.png"; sourceTree = "<group>"; };
		FC26997A198B12A100F4D7A7 /* 4@2x.png */ = {isa = PBXFileReference; lastKnownFileType = image.png; path = "4@2x.png"; sourceTree = "<group>"; };
		FC26997B198B12A100F4D7A7 /* 5@2x.png */ = {isa = PBXFileReference; lastKnownFileType = image.png; path = "5@2x.png"; sourceTree = "<group>"; };
		FC269989198B15D000F4D7A7 /* ofertaappSeccion1ViewController.h */ = {isa = PBXFileReference; fileEncoding = 4; lastKnownFileType = sourcecode.c.h; path = ofertaappSeccion1ViewController.h; sourceTree = "<group>"; };
		FC26998A198B15D000F4D7A7 /* ofertaappSeccion1ViewController.m */ = {isa = PBXFileReference; fileEncoding = 4; lastKnownFileType = sourcecode.c.objc; path = ofertaappSeccion1ViewController.m; sourceTree = "<group>"; };
		FC7EDBD1198C5ABC006DE2C4 /* personajes.png */ = {isa = PBXFileReference; lastKnownFileType = image.png; path = personajes.png; sourceTree = "<group>"; };
		FC7EDBD3198C6762006DE2C4 /* logoanspe.png */ = {isa = PBXFileReference; lastKnownFileType = image.png; path = logoanspe.png; sourceTree = "<group>"; };
		FC7EDBD5198C6F2E006DE2C4 /* a1@2x.png */ = {isa = PBXFileReference; lastKnownFileType = image.png; name = "a1@2x.png"; path = "../a1@2x.png"; sourceTree = "<group>"; };
		FC7EDBD7198C70DC006DE2C4 /* EVALUAR.png */ = {isa = PBXFileReference; lastKnownFileType = image.png; path = EVALUAR.png; sourceTree = "<group>"; };
		FC7EDBDC198C7B1F006DE2C4 /* 1@2x.png */ = {isa = PBXFileReference; lastKnownFileType = image.png; path = "1@2x.png"; sourceTree = "<group>"; };
		FC7EDBDD198C7B1F006DE2C4 /* 2@2x.png */ = {isa = PBXFileReference; lastKnownFileType = image.png; path = "2@2x.png"; sourceTree = "<group>"; };
		FC7EDBDE198C7B1F006DE2C4 /* 3@2x.png */ = {isa = PBXFileReference; lastKnownFileType = image.png; path = "3@2x.png"; sourceTree = "<group>"; };
		FC7EDBE2198C7BDE006DE2C4 /* Ingresar.png */ = {isa = PBXFileReference; lastKnownFileType = image.png; path = Ingresar.png; sourceTree = "<group>"; };
		FC7EDC28198C828D006DE2C4 /* ofertaappSeccion2ViewController.h */ = {isa = PBXFileReference; fileEncoding = 4; lastKnownFileType = sourcecode.c.h; path = ofertaappSeccion2ViewController.h; sourceTree = "<group>"; };
		FC7EDC29198C828D006DE2C4 /* ofertaappSeccion2ViewController.m */ = {isa = PBXFileReference; fileEncoding = 4; lastKnownFileType = sourcecode.c.objc; path = ofertaappSeccion2ViewController.m; sourceTree = "<group>"; };
		FC7EDC2B198C84B7006DE2C4 /* ofertaappSeccion2aViewController.h */ = {isa = PBXFileReference; fileEncoding = 4; lastKnownFileType = sourcecode.c.h; path = ofertaappSeccion2aViewController.h; sourceTree = "<group>"; };
		FC7EDC2C198C84B7006DE2C4 /* ofertaappSeccion2aViewController.m */ = {isa = PBXFileReference; fileEncoding = 4; lastKnownFileType = sourcecode.c.objc; path = ofertaappSeccion2aViewController.m; sourceTree = "<group>"; };
		FC89FF7C198AFFE300B8E0A4 /* ofertaapp.app */ = {isa = PBXFileReference; explicitFileType = wrapper.application; includeInIndex = 0; path = ofertaapp.app; sourceTree = BUILT_PRODUCTS_DIR; };
		FC89FF7F198AFFE300B8E0A4 /* Foundation.framework */ = {isa = PBXFileReference; lastKnownFileType = wrapper.framework; name = Foundation.framework; path = System/Library/Frameworks/Foundation.framework; sourceTree = SDKROOT; };
		FC89FF81198AFFE300B8E0A4 /* CoreGraphics.framework */ = {isa = PBXFileReference; lastKnownFileType = wrapper.framework; name = CoreGraphics.framework; path = System/Library/Frameworks/CoreGraphics.framework; sourceTree = SDKROOT; };
		FC89FF83198AFFE300B8E0A4 /* UIKit.framework */ = {isa = PBXFileReference; lastKnownFileType = wrapper.framework; name = UIKit.framework; path = System/Library/Frameworks/UIKit.framework; sourceTree = SDKROOT; };
		FC89FF87198AFFE300B8E0A4 /* ofertaapp-Info.plist */ = {isa = PBXFileReference; lastKnownFileType = text.plist.xml; path = "ofertaapp-Info.plist"; sourceTree = "<group>"; };
		FC89FF89198AFFE300B8E0A4 /* en */ = {isa = PBXFileReference; lastKnownFileType = text.plist.strings; name = en; path = en.lproj/InfoPlist.strings; sourceTree = "<group>"; };
		FC89FF8B198AFFE300B8E0A4 /* main.m */ = {isa = PBXFileReference; lastKnownFileType = sourcecode.c.objc; path = main.m; sourceTree = "<group>"; };
		FC89FF8D198AFFE300B8E0A4 /* ofertaapp-Prefix.pch */ = {isa = PBXFileReference; lastKnownFileType = sourcecode.c.h; path = "ofertaapp-Prefix.pch"; sourceTree = "<group>"; };
		FC89FF8E198AFFE300B8E0A4 /* ofertaappAppDelegate.h */ = {isa = PBXFileReference; lastKnownFileType = sourcecode.c.h; path = ofertaappAppDelegate.h; sourceTree = "<group>"; };
		FC89FF8F198AFFE300B8E0A4 /* ofertaappAppDelegate.m */ = {isa = PBXFileReference; lastKnownFileType = sourcecode.c.objc; path = ofertaappAppDelegate.m; sourceTree = "<group>"; };
		FC89FF92198AFFE300B8E0A4 /* Base */ = {isa = PBXFileReference; lastKnownFileType = file.storyboard; name = Base; path = Base.lproj/Main.storyboard; sourceTree = "<group>"; };
		FC89FF94198AFFE300B8E0A4 /* ofertaappViewController.h */ = {isa = PBXFileReference; lastKnownFileType = sourcecode.c.h; path = ofertaappViewController.h; sourceTree = "<group>"; };
		FC89FF95198AFFE300B8E0A4 /* ofertaappViewController.m */ = {isa = PBXFileReference; lastKnownFileType = sourcecode.c.objc; path = ofertaappViewController.m; sourceTree = "<group>"; };
		FC89FF97198AFFE300B8E0A4 /* Images.xcassets */ = {isa = PBXFileReference; lastKnownFileType = folder.assetcatalog; path = Images.xcassets; sourceTree = "<group>"; };
		FC89FF9D198AFFE400B8E0A4 /* ofertaappTests.xctest */ = {isa = PBXFileReference; explicitFileType = wrapper.cfbundle; includeInIndex = 0; path = ofertaappTests.xctest; sourceTree = BUILT_PRODUCTS_DIR; };
		FC89FF9E198AFFE400B8E0A4 /* XCTest.framework */ = {isa = PBXFileReference; lastKnownFileType = wrapper.framework; name = XCTest.framework; path = Library/Frameworks/XCTest.framework; sourceTree = DEVELOPER_DIR; };
		FC89FFA6198AFFE400B8E0A4 /* ofertaappTests-Info.plist */ = {isa = PBXFileReference; lastKnownFileType = text.plist.xml; path = "ofertaappTests-Info.plist"; sourceTree = "<group>"; };
		FC89FFA8198AFFE400B8E0A4 /* en */ = {isa = PBXFileReference; lastKnownFileType = text.plist.strings; name = en; path = en.lproj/InfoPlist.strings; sourceTree = "<group>"; };
		FC89FFAA198AFFE400B8E0A4 /* ofertaappTests.m */ = {isa = PBXFileReference; lastKnownFileType = sourcecode.c.objc; path = ofertaappTests.m; sourceTree = "<group>"; };
		FC89FFB4198B03A300B8E0A4 /* AVFoundation.framework */ = {isa = PBXFileReference; lastKnownFileType = wrapper.framework; name = AVFoundation.framework; path = System/Library/Frameworks/AVFoundation.framework; sourceTree = SDKROOT; };
		FC89FFB6198B04FD00B8E0A4 /* xx.mp4 */ = {isa = PBXFileReference; lastKnownFileType = file; path = xx.mp4; sourceTree = "<group>"; };
		FC89FFB8198B0B2000B8E0A4 /* Cogestor.png */ = {isa = PBXFileReference; lastKnownFileType = image.png; path = Cogestor.png; sourceTree = "<group>"; };
/* End PBXFileReference section */

/* Begin PBXFrameworksBuildPhase section */
		FC89FF79198AFFE300B8E0A4 /* Frameworks */ = {
			isa = PBXFrameworksBuildPhase;
			buildActionMask = 2147483647;
			files = (
				FC89FFB5198B03A300B8E0A4 /* AVFoundation.framework in Frameworks */,
				FC89FF82198AFFE300B8E0A4 /* CoreGraphics.framework in Frameworks */,
				FC89FF84198AFFE300B8E0A4 /* UIKit.framework in Frameworks */,
				FC89FF80198AFFE300B8E0A4 /* Foundation.framework in Frameworks */,
			);
			runOnlyForDeploymentPostprocessing = 0;
		};
		FC89FF9A198AFFE400B8E0A4 /* Frameworks */ = {
			isa = PBXFrameworksBuildPhase;
			buildActionMask = 2147483647;
			files = (
				FC89FF9F198AFFE400B8E0A4 /* XCTest.framework in Frameworks */,
				FC89FFA1198AFFE400B8E0A4 /* UIKit.framework in Frameworks */,
				FC89FFA0198AFFE400B8E0A4 /* Foundation.framework in Frameworks */,
			);
			runOnlyForDeploymentPostprocessing = 0;
		};
/* End PBXFrameworksBuildPhase section */

/* Begin PBXGroup section */
		FC269969198B11EE00F4D7A7 /* parallax */ = {
			isa = PBXGroup;
			children = (
				FC269972198B126400F4D7A7 /* MPViewController.h */,
				FC269973198B126400F4D7A7 /* MPViewController.m */,
				FC26995E198B11E700F4D7A7 /* MPSkewedCell.m */,
				FC26995F198B11E700F4D7A7 /* MPSkewedParallaxLayout.h */,
				FC269960198B11E700F4D7A7 /* MPSkewedParallaxLayout.m */,
				FC269961198B11E700F4D7A7 /* MPSkewedTransitionLayout.h */,
				FC269962198B11E700F4D7A7 /* MPSkewedTransitionLayout.m */,
				FC269963198B11E700F4D7A7 /* UIView+Frame.h */,
				FC269964198B11E700F4D7A7 /* UIView+Frame.m */,
				FC26995D198B11E700F4D7A7 /* MPSkewedCell.h */,
			);
			name = parallax;
			sourceTree = "<group>";
		};
		FC269976198B12A100F4D7A7 /* img */ = {
			isa = PBXGroup;
			children = (
				FC7EDBE2198C7BDE006DE2C4 /* Ingresar.png */,
				FC7EDBDC198C7B1F006DE2C4 /* 1@2x.png */,
				FC7EDBDD198C7B1F006DE2C4 /* 2@2x.png */,
				FC7EDBDE198C7B1F006DE2C4 /* 3@2x.png */,
				FC7EDBD5198C6F2E006DE2C4 /* a1@2x.png */,
				FC269977198B12A100F4D7A7 /* 11@2x.png */,
				FC269978198B12A100F4D7A7 /* a2@2x.png */,
				FC269979198B12A100F4D7A7 /* a3@2x.png */,
				FC26997A198B12A100F4D7A7 /* 4@2x.png */,
				FC26997B198B12A100F4D7A7 /* 5@2x.png */,
				FC7EDBD7198C70DC006DE2C4 /* EVALUAR.png */,
			);
			path = img;
			sourceTree = "<group>";
		};
		FC89FF73198AFFE300B8E0A4 = {
			isa = PBXGroup;
			children = (
				FC89FF85198AFFE300B8E0A4 /* ofertaapp */,
				FC89FFA4198AFFE400B8E0A4 /* ofertaappTests */,
				FC89FF7E198AFFE300B8E0A4 /* Frameworks */,
				FC89FF7D198AFFE300B8E0A4 /* Products */,
			);
			sourceTree = "<group>";
		};
		FC89FF7D198AFFE300B8E0A4 /* Products */ = {
			isa = PBXGroup;
			children = (
				FC89FF7C198AFFE300B8E0A4 /* ofertaapp.app */,
				FC89FF9D198AFFE400B8E0A4 /* ofertaappTests.xctest */,
			);
			name = Products;
			sourceTree = "<group>";
		};
		FC89FF7E198AFFE300B8E0A4 /* Frameworks */ = {
			isa = PBXGroup;
			children = (
				FC89FFB4198B03A300B8E0A4 /* AVFoundation.framework */,
				FC89FF7F198AFFE300B8E0A4 /* Foundation.framework */,
				FC89FF81198AFFE300B8E0A4 /* CoreGraphics.framework */,
				FC89FF83198AFFE300B8E0A4 /* UIKit.framework */,
				FC89FF9E198AFFE400B8E0A4 /* XCTest.framework */,
			);
			name = Frameworks;
			sourceTree = "<group>";
		};
		FC89FF85198AFFE300B8E0A4 /* ofertaapp */ = {
			isa = PBXGroup;
			children = (
				FC269976198B12A100F4D7A7 /* img */,
				FC89FFB6198B04FD00B8E0A4 /* xx.mp4 */,
				FC89FFB8198B0B2000B8E0A4 /* Cogestor.png */,
				FC7EDBD3198C6762006DE2C4 /* logoanspe.png */,
				FC7EDBD1198C5ABC006DE2C4 /* personajes.png */,
				FC89FF8E198AFFE300B8E0A4 /* ofertaappAppDelegate.h */,
				FC89FF8F198AFFE300B8E0A4 /* ofertaappAppDelegate.m */,
				FC89FF91198AFFE300B8E0A4 /* Main.storyboard */,
				FC89FF94198AFFE300B8E0A4 /* ofertaappViewController.h */,
				FC89FF95198AFFE300B8E0A4 /* ofertaappViewController.m */,
				FC89FF97198AFFE300B8E0A4 /* Images.xcassets */,
				FC269969198B11EE00F4D7A7 /* parallax */,
				FC89FF86198AFFE300B8E0A4 /* Supporting Files */,
				FC269989198B15D000F4D7A7 /* ofertaappSeccion1ViewController.h */,
				FC26998A198B15D000F4D7A7 /* ofertaappSeccion1ViewController.m */,
				FC7EDC28198C828D006DE2C4 /* ofertaappSeccion2ViewController.h */,
				FC7EDC29198C828D006DE2C4 /* ofertaappSeccion2ViewController.m */,
				FC7EDC2B198C84B7006DE2C4 /* ofertaappSeccion2aViewController.h */,
				FC7EDC2C198C84B7006DE2C4 /* ofertaappSeccion2aViewController.m */,
			);
			path = ofertaapp;
			sourceTree = "<group>";
		};
		FC89FF86198AFFE300B8E0A4 /* Supporting Files */ = {
			isa = PBXGroup;
			children = (
				FC89FF87198AFFE300B8E0A4 /* ofertaapp-Info.plist */,
				FC89FF88198AFFE300B8E0A4 /* InfoPlist.strings */,
				FC89FF8B198AFFE300B8E0A4 /* main.m */,
				FC89FF8D198AFFE300B8E0A4 /* ofertaapp-Prefix.pch */,
			);
			name = "Supporting Files";
			sourceTree = "<group>";
		};
		FC89FFA4198AFFE400B8E0A4 /* ofertaappTests */ = {
			isa = PBXGroup;
			children = (
				FC89FFAA198AFFE400B8E0A4 /* ofertaappTests.m */,
				FC89FFA5198AFFE400B8E0A4 /* Supporting Files */,
			);
			path = ofertaappTests;
			sourceTree = "<group>";
		};
		FC89FFA5198AFFE400B8E0A4 /* Supporting Files */ = {
			isa = PBXGroup;
			children = (
				FC89FFA6198AFFE400B8E0A4 /* ofertaappTests-Info.plist */,
				FC89FFA7198AFFE400B8E0A4 /* InfoPlist.strings */,
			);
			name = "Supporting Files";
			sourceTree = "<group>";
		};
/* End PBXGroup section */

/* Begin PBXNativeTarget section */
		FC89FF7B198AFFE300B8E0A4 /* ofertaapp */ = {
			isa = PBXNativeTarget;
			buildConfigurationList = FC89FFAE198AFFE400B8E0A4 /* Build configuration list for PBXNativeTarget "ofertaapp" */;
			buildPhases = (
				FC89FF78198AFFE300B8E0A4 /* Sources */,
				FC89FF79198AFFE300B8E0A4 /* Frameworks */,
				FC89FF7A198AFFE300B8E0A4 /* Resources */,
			);
			buildRules = (
			);
			dependencies = (
			);
			name = ofertaapp;
			productName = ofertaapp;
			productReference = FC89FF7C198AFFE300B8E0A4 /* ofertaapp.app */;
			productType = "com.apple.product-type.application";
		};
		FC89FF9C198AFFE400B8E0A4 /* ofertaappTests */ = {
			isa = PBXNativeTarget;
			buildConfigurationList = FC89FFB1198AFFE400B8E0A4 /* Build configuration list for PBXNativeTarget "ofertaappTests" */;
			buildPhases = (
				FC89FF99198AFFE400B8E0A4 /* Sources */,
				FC89FF9A198AFFE400B8E0A4 /* Frameworks */,
				FC89FF9B198AFFE400B8E0A4 /* Resources */,
			);
			buildRules = (
			);
			dependencies = (
				FC89FFA3198AFFE400B8E0A4 /* PBXTargetDependency */,
			);
			name = ofertaappTests;
			productName = ofertaappTests;
			productReference = FC89FF9D198AFFE400B8E0A4 /* ofertaappTests.xctest */;
			productType = "com.apple.product-type.bundle.unit-test";
		};
/* End PBXNativeTarget section */

/* Begin PBXProject section */
		FC89FF74198AFFE300B8E0A4 /* Project object */ = {
			isa = PBXProject;
			attributes = {
				CLASSPREFIX = ofertaapp;
				LastUpgradeCheck = 0510;
				ORGANIZATIONNAME = COOL4CODE;
				TargetAttributes = {
					FC89FF9C198AFFE400B8E0A4 = {
						TestTargetID = FC89FF7B198AFFE300B8E0A4;
					};
				};
			};
			buildConfigurationList = FC89FF77198AFFE300B8E0A4 /* Build configuration list for PBXProject "ofertaapp" */;
			compatibilityVersion = "Xcode 3.2";
			developmentRegion = English;
			hasScannedForEncodings = 0;
			knownRegions = (
				en,
				Base,
			);
			mainGroup = FC89FF73198AFFE300B8E0A4;
			productRefGroup = FC89FF7D198AFFE300B8E0A4 /* Products */;
			projectDirPath = "";
			projectRoot = "";
			targets = (
				FC89FF7B198AFFE300B8E0A4 /* ofertaapp */,
				FC89FF9C198AFFE400B8E0A4 /* ofertaappTests */,
			);
		};
/* End PBXProject section */

/* Begin PBXResourcesBuildPhase section */
		FC89FF7A198AFFE300B8E0A4 /* Resources */ = {
			isa = PBXResourcesBuildPhase;
			buildActionMask = 2147483647;
			files = (
				FC7EDBDF198C7B1F006DE2C4 /* 1@2x.png in Resources */,
				FC7EDBD2198C5ABC006DE2C4 /* personajes.png in Resources */,
				FC269983198B12A100F4D7A7 /* 4@2x.png in Resources */,
				FC269982198B12A100F4D7A7 /* a3@2x.png in Resources */,
				FC269984198B12A100F4D7A7 /* 5@2x.png in Resources */,
				FC269980198B12A100F4D7A7 /* 11@2x.png in Resources */,
				FC89FFB9198B0B2000B8E0A4 /* Cogestor.png in Resources */,
				FC7EDBE1198C7B1F006DE2C4 /* 3@2x.png in Resources */,
				FC7EDBE3198C7BDE006DE2C4 /* Ingresar.png in Resources */,
				FC7EDBD8198C70DC006DE2C4 /* EVALUAR.png in Resources */,
				FC269981198B12A100F4D7A7 /* a2@2x.png in Resources */,
				FC89FF98198AFFE300B8E0A4 /* Images.xcassets in Resources */,
				FC7EDBD4198C6762006DE2C4 /* logoanspe.png in Resources */,
				FC7EDBE0198C7B1F006DE2C4 /* 2@2x.png in Resources */,
				FC7EDBD6198C6F2E006DE2C4 /* a1@2x.png in Resources */,
				FC89FFB7198B04FD00B8E0A4 /* xx.mp4 in Resources */,
				FC89FF8A198AFFE300B8E0A4 /* InfoPlist.strings in Resources */,
				FC89FF93198AFFE300B8E0A4 /* Main.storyboard in Resources */,
			);
			runOnlyForDeploymentPostprocessing = 0;
		};
		FC89FF9B198AFFE400B8E0A4 /* Resources */ = {
			isa = PBXResourcesBuildPhase;
			buildActionMask = 2147483647;
			files = (
				FC89FFA9198AFFE400B8E0A4 /* InfoPlist.strings in Resources */,
			);
			runOnlyForDeploymentPostprocessing = 0;
		};
/* End PBXResourcesBuildPhase section */

/* Begin PBXSourcesBuildPhase section */
		FC89FF78198AFFE300B8E0A4 /* Sources */ = {
			isa = PBXSourcesBuildPhase;
			buildActionMask = 2147483647;
			files = (
				FC269967198B11E700F4D7A7 /* MPSkewedTransitionLayout.m in Sources */,
				FC26998B198B15D000F4D7A7 /* ofertaappSeccion1ViewController.m in Sources */,
				FC89FF96198AFFE300B8E0A4 /* ofertaappViewController.m in Sources */,
				FC269966198B11E700F4D7A7 /* MPSkewedParallaxLayout.m in Sources */,
				FC269968198B11E700F4D7A7 /* UIView+Frame.m in Sources */,
				FC7EDC2D198C84B7006DE2C4 /* ofertaappSeccion2aViewController.m in Sources */,
				FC269965198B11E700F4D7A7 /* MPSkewedCell.m in Sources */,
				FC89FF8C198AFFE300B8E0A4 /* main.m in Sources */,
				FC269975198B126400F4D7A7 /* MPViewController.m in Sources */,
				FC89FF90198AFFE300B8E0A4 /* ofertaappAppDelegate.m in Sources */,
				FC7EDC2A198C828D006DE2C4 /* ofertaappSeccion2ViewController.m in Sources */,
			);
			runOnlyForDeploymentPostprocessing = 0;
		};
		FC89FF99198AFFE400B8E0A4 /* Sources */ = {
			isa = PBXSourcesBuildPhase;
			buildActionMask = 2147483647;
			files = (
				FC89FFAB198AFFE400B8E0A4 /* ofertaappTests.m in Sources */,
			);
			runOnlyForDeploymentPostprocessing = 0;
		};
/* End PBXSourcesBuildPhase section */

/* Begin PBXTargetDependency section */
		FC89FFA3198AFFE400B8E0A4 /* PBXTargetDependency */ = {
			isa = PBXTargetDependency;
			target = FC89FF7B198AFFE300B8E0A4 /* ofertaapp */;
			targetProxy = FC89FFA2198AFFE400B8E0A4 /* PBXContainerItemProxy */;
		};
/* End PBXTargetDependency section */

/* Begin PBXVariantGroup section */
		FC89FF88198AFFE300B8E0A4 /* InfoPlist.strings */ = {
			isa = PBXVariantGroup;
			children = (
				FC89FF89198AFFE300B8E0A4 /* en */,
			);
			name = InfoPlist.strings;
			sourceTree = "<group>";
		};
		FC89FF91198AFFE300B8E0A4 /* Main.storyboard */ = {
			isa = PBXVariantGroup;
			children = (
				FC89FF92198AFFE300B8E0A4 /* Base */,
			);
			name = Main.storyboard;
			sourceTree = "<group>";
		};
		FC89FFA7198AFFE400B8E0A4 /* InfoPlist.strings */ = {
			isa = PBXVariantGroup;
			children = (
				FC89FFA8198AFFE400B8E0A4 /* en */,
			);
			name = InfoPlist.strings;
			sourceTree = "<group>";
		};
/* End PBXVariantGroup section */

/* Begin XCBuildConfiguration section */
		FC89FFAC198AFFE400B8E0A4 /* Debug */ = {
			isa = XCBuildConfiguration;
			buildSettings = {
				ALWAYS_SEARCH_USER_PATHS = NO;
				CLANG_CXX_LANGUAGE_STANDARD = "gnu++0x";
				CLANG_CXX_LIBRARY = "libc++";
				CLANG_ENABLE_MODULES = YES;
				CLANG_ENABLE_OBJC_ARC = YES;
				CLANG_WARN_BOOL_CONVERSION = YES;
				CLANG_WARN_CONSTANT_CONVERSION = YES;
				CLANG_WARN_DIRECT_OBJC_ISA_USAGE = YES_ERROR;
				CLANG_WARN_EMPTY_BODY = YES;
				CLANG_WARN_ENUM_CONVERSION = YES;
				CLANG_WARN_INT_CONVERSION = YES;
				CLANG_WARN_OBJC_ROOT_CLASS = YES_ERROR;
				CLANG_WARN__DUPLICATE_METHOD_MATCH = YES;
				"CODE_SIGN_IDENTITY[sdk=iphoneos*]" = "iPhone Developer";
				COPY_PHASE_STRIP = NO;
				GCC_C_LANGUAGE_STANDARD = gnu99;
				GCC_DYNAMIC_NO_PIC = NO;
				GCC_OPTIMIZATION_LEVEL = 0;
				GCC_PREPROCESSOR_DEFINITIONS = (
					"DEBUG=1",
					"$(inherited)",
				);
				GCC_SYMBOLS_PRIVATE_EXTERN = NO;
				GCC_WARN_64_TO_32_BIT_CONVERSION = YES;
				GCC_WARN_ABOUT_RETURN_TYPE = YES_ERROR;
				GCC_WARN_UNDECLARED_SELECTOR = YES;
				GCC_WARN_UNINITIALIZED_AUTOS = YES_AGGRESSIVE;
				GCC_WARN_UNUSED_FUNCTION = YES;
				GCC_WARN_UNUSED_VARIABLE = YES;
				IPHONEOS_DEPLOYMENT_TARGET = 7.1;
				ONLY_ACTIVE_ARCH = YES;
				SDKROOT = iphoneos;
			};
			name = Debug;
		};
		FC89FFAD198AFFE400B8E0A4 /* Release */ = {
			isa = XCBuildConfiguration;
			buildSettings = {
				ALWAYS_SEARCH_USER_PATHS = NO;
				CLANG_CXX_LANGUAGE_STANDARD = "gnu++0x";
				CLANG_CXX_LIBRARY = "libc++";
				CLANG_ENABLE_MODULES = YES;
				CLANG_ENABLE_OBJC_ARC = YES;
				CLANG_WARN_BOOL_CONVERSION = YES;
				CLANG_WARN_CONSTANT_CONVERSION = YES;
				CLANG_WARN_DIRECT_OBJC_ISA_USAGE = YES_ERROR;
				CLANG_WARN_EMPTY_BODY = YES;
				CLANG_WARN_ENUM_CONVERSION = YES;
				CLANG_WARN_INT_CONVERSION = YES;
				CLANG_WARN_OBJC_ROOT_CLASS = YES_ERROR;
				CLANG_WARN__DUPLICATE_METHOD_MATCH = YES;
				"CODE_SIGN_IDENTITY[sdk=iphoneos*]" = "iPhone Developer";
				COPY_PHASE_STRIP = YES;
				ENABLE_NS_ASSERTIONS = NO;
				GCC_C_LANGUAGE_STANDARD = gnu99;
				GCC_WARN_64_TO_32_BIT_CONVERSION = YES;
				GCC_WARN_ABOUT_RETURN_TYPE = YES_ERROR;
				GCC_WARN_UNDECLARED_SELECTOR = YES;
				GCC_WARN_UNINITIALIZED_AUTOS = YES_AGGRESSIVE;
				GCC_WARN_UNUSED_FUNCTION = YES;
				GCC_WARN_UNUSED_VARIABLE = YES;
				IPHONEOS_DEPLOYMENT_TARGET = 7.1;
				SDKROOT = iphoneos;
				VALIDATE_PRODUCT = YES;
			};
			name = Release;
		};
		FC89FFAF198AFFE400B8E0A4 /* Debug */ = {
			isa = XCBuildConfiguration;
			buildSettings = {
				ASSETCATALOG_COMPILER_APPICON_NAME = AppIcon;
				ASSETCATALOG_COMPILER_LAUNCHIMAGE_NAME = LaunchImage;
				GCC_PRECOMPILE_PREFIX_HEADER = YES;
				GCC_PREFIX_HEADER = "ofertaapp/ofertaapp-Prefix.pch";
				INFOPLIST_FILE = "ofertaapp/ofertaapp-Info.plist";
				PRODUCT_NAME = "$(TARGET_NAME)";
				WRAPPER_EXTENSION = app;
			};
			name = Debug;
		};
		FC89FFB0198AFFE400B8E0A4 /* Release */ = {
			isa = XCBuildConfiguration;
			buildSettings = {
				ASSETCATALOG_COMPILER_APPICON_NAME = AppIcon;
				ASSETCATALOG_COMPILER_LAUNCHIMAGE_NAME = LaunchImage;
				GCC_PRECOMPILE_PREFIX_HEADER = YES;
				GCC_PREFIX_HEADER = "ofertaapp/ofertaapp-Prefix.pch";
				INFOPLIST_FILE = "ofertaapp/ofertaapp-Info.plist";
				PRODUCT_NAME = "$(TARGET_NAME)";
				WRAPPER_EXTENSION = app;
			};
			name = Release;
		};
		FC89FFB2198AFFE400B8E0A4 /* Debug */ = {
			isa = XCBuildConfiguration;
			buildSettings = {
				BUNDLE_LOADER = "$(BUILT_PRODUCTS_DIR)/ofertaapp.app/ofertaapp";
				FRAMEWORK_SEARCH_PATHS = (
					"$(SDKROOT)/Developer/Library/Frameworks",
					"$(inherited)",
					"$(DEVELOPER_FRAMEWORKS_DIR)",
				);
				GCC_PRECOMPILE_PREFIX_HEADER = YES;
				GCC_PREFIX_HEADER = "ofertaapp/ofertaapp-Prefix.pch";
				GCC_PREPROCESSOR_DEFINITIONS = (
					"DEBUG=1",
					"$(inherited)",
				);
				INFOPLIST_FILE = "ofertaappTests/ofertaappTests-Info.plist";
				PRODUCT_NAME = "$(TARGET_NAME)";
				TEST_HOST = "$(BUNDLE_LOADER)";
				WRAPPER_EXTENSION = xctest;
			};
			name = Debug;
		};
		FC89FFB3198AFFE400B8E0A4 /* Release */ = {
			isa = XCBuildConfiguration;
			buildSettings = {
				BUNDLE_LOADER = "$(BUILT_PRODUCTS_DIR)/ofertaapp.app/ofertaapp";
				FRAMEWORK_SEARCH_PATHS = (
					"$(SDKROOT)/Developer/Library/Frameworks",
					"$(inherited)",
					"$(DEVELOPER_FRAMEWORKS_DIR)",
				);
				GCC_PRECOMPILE_PREFIX_HEADER = YES;
				GCC_PREFIX_HEADER = "ofertaapp/ofertaapp-Prefix.pch";
				INFOPLIST_FILE = "ofertaappTests/ofertaappTests-Info.plist";
				PRODUCT_NAME = "$(TARGET_NAME)";
				TEST_HOST = "$(BUNDLE_LOADER)";
				WRAPPER_EXTENSION = xctest;
			};
			name = Release;
		};
/* End XCBuildConfiguration section */

/* Begin XCConfigurationList section */
		FC89FF77198AFFE300B8E0A4 /* Build configuration list for PBXProject "ofertaapp" */ = {
			isa = XCConfigurationList;
			buildConfigurations = (
				FC89FFAC198AFFE400B8E0A4 /* Debug */,
				FC89FFAD198AFFE400B8E0A4 /* Release */,
			);
			defaultConfigurationIsVisible = 0;
			defaultConfigurationName = Release;
		};
		FC89FFAE198AFFE400B8E0A4 /* Build configuration list for PBXNativeTarget "ofertaapp" */ = {
			isa = XCConfigurationList;
			buildConfigurations = (
				FC89FFAF198AFFE400B8E0A4 /* Debug */,
				FC89FFB0198AFFE400B8E0A4 /* Release */,
			);
			defaultConfigurationIsVisible = 0;
			defaultConfigurationName = Release;
		};
		FC89FFB1198AFFE400B8E0A4 /* Build configuration list for PBXNativeTarget "ofertaappTests" */ = {
			isa = XCConfigurationList;
			buildConfigurations = (
				FC89FFB2198AFFE400B8E0A4 /* Debug */,
				FC89FFB3198AFFE400B8E0A4 /* Release */,
			);
			defaultConfigurationIsVisible = 0;
			defaultConfigurationName = Release;
		};
/* End XCConfigurationList section */
	};
	rootObject = FC89FF74198AFFE300B8E0A4 /* Project object */;
}
